<?xml version="1.0" encoding="utf-8"?>
<Project ToolsVersion="4.0" xmlns="http://schemas.microsoft.com/developer/msbuild/2003">
  <ItemGroup>
    <Filter Include="Source Files">
      <UniqueIdentifier>{4FC737F1-C7A5-4376-A066-2A32D752A2FF}</UniqueIdentifier>
      <Extensions>cpp;c;cc;cxx;def;odl;idl;hpj;bat;asm;asmx</Extensions>
    </Filter>
    <Filter Include="Header Files">
      <UniqueIdentifier>{93995380-89BD-4b04-88EB-625FBE52EBFB}</UniqueIdentifier>
      <Extensions>h;hh;hpp;hxx;hm;inl;inc;xsd</Extensions>
    </Filter>
    <Filter Include="Resource Files">
      <UniqueIdentifier>{67DA6AB6-F800-4c08-8B7A-83BB121AAD01}</UniqueIdentifier>
      <Extensions>rc;ico;cur;bmp;dlg;rc2;rct;bin;rgs;gif;jpg;jpeg;jpe;resx;tiff;tif;png;wav</Extensions>
    </Filter>
    <Filter Include="Header Files\impl">
      <UniqueIdentifier>{104f6b75-191c-4746-9e51-7d0ad8accba7}</UniqueIdentifier>
    </Filter>
  </ItemGroup>
  <ItemGroup>
    <ClCompile Include="..\test\main.cpp">
      <Filter>Source Files</Filter>
    </ClCompile>
    <ClCompile Include="..\test\Stable_adjacency_list.cpp">
      <Filter>Source Files</Filter>
    </ClCompile>
    <ClCompile Include="..\test\Adjacency_list.cpp">
      <Filter>Source Files</Filter>
    </ClCompile>
    <ClCompile Include="..\test\Atomic_adjacency_list.cpp">
      <Filter>Source Files</Filter>
    </ClCompile>
    <ClCompile Include="..\test\Edge_list.cpp">
      <Filter>Source Files</Filter>
    </ClCompile>
    <ClCompile Include="..\test\Stable_edge_list.cpp">
      <Filter>Source Files</Filter>
    </ClCompile>
  </ItemGroup>
  <ItemGroup>
    <ClInclude Include="..\include\graph\impl\Adjacency_list.hpp">
      <Filter>Header Files\impl</Filter>
    </ClInclude>
    <ClInclude Include="..\include\graph\impl\Atomic_adjacency_list.hpp">
      <Filter>Header Files\impl</Filter>
    </ClInclude>
    <ClInclude Include="..\include\graph\impl\atomic_list.hpp">
      <Filter>Header Files\impl</Filter>
    </ClInclude>
    <ClInclude Include="..\include\graph\impl\contiguous_key_map.hpp">
      <Filter>Header Files\impl</Filter>
    </ClInclude>
    <ClInclude Include="..\include\graph\impl\pointer_wrapper.hpp">
      <Filter>Header Files\impl</Filter>
    </ClInclude>
    <ClInclude Include="..\include\graph\impl\Subforest.hpp">
      <Filter>Header Files\impl</Filter>
    </ClInclude>
    <ClInclude Include="..\include\graph\impl\unordered_key_map.hpp">
      <Filter>Header Files\impl</Filter>
    </ClInclude>
    <ClInclude Include="..\include\graph\impl\construct_fn.hpp">
      <Filter>Header Files\impl</Filter>
    </ClInclude>
    <ClInclude Include="..\include\graph\impl\Depth_first_search.hpp">
      <Filter>Header Files\impl</Filter>
    </ClInclude>
    <ClInclude Include="..\include\graph\impl\Edge_list.hpp">
      <Filter>Header Files\impl</Filter>
    </ClInclude>
    <ClInclude Include="..\include\graph\impl\erasable_base.hpp">
      <Filter>Header Files\impl</Filter>
    </ClInclude>
    <ClInclude Include="..\include\graph\impl\exceptions.hpp">
      <Filter>Header Files\impl</Filter>
    </ClInclude>
    <ClInclude Include="..\include\graph\impl\get_fn.hpp">
      <Filter>Header Files\impl</Filter>
    </ClInclude>
    <ClInclude Include="..\include\graph\impl\integral_wrapper.hpp">
      <Filter>Header Files\impl</Filter>
    </ClInclude>
    <ClInclude Include="..\include\graph\impl\map_iterator_wrapper.hpp">
      <Filter>Header Files\impl</Filter>
    </ClInclude>
    <ClInclude Include="..\include\graph\impl\Reverse.hpp">
      <Filter>Header Files\impl</Filter>
    </ClInclude>
    <ClInclude Include="..\include\graph\impl\Stable_adjacency_list.hpp">
      <Filter>Header Files\impl</Filter>
    </ClInclude>
    <ClInclude Include="..\include\graph\impl\Stable_edge_list.hpp">
      <Filter>Header Files\impl</Filter>
    </ClInclude>
    <ClInclude Include="..\include\graph\impl\Stable_vert_list.hpp">
      <Filter>Header Files\impl</Filter>
    </ClInclude>
    <ClInclude Include="..\include\graph\impl\Strongly_connected_components.hpp">
      <Filter>Header Files\impl</Filter>
    </ClInclude>
    <ClInclude Include="..\include\graph\impl\tracker.hpp">
      <Filter>Header Files\impl</Filter>
    </ClInclude>
    <ClInclude Include="..\include\graph\impl\traits.hpp">
      <Filter>Header Files\impl</Filter>
    </ClInclude>
    <ClInclude Include="..\include\graph\impl\unordered_set.hpp">
      <Filter>Header Files\impl</Filter>
    </ClInclude>
    <ClInclude Include="..\include\graph\impl\Vert_list.hpp">
      <Filter>Header Files\impl</Filter>
    </ClInclude>
    <ClInclude Include="..\include\graph\Adjacency_list.hpp">
      <Filter>Header Files</Filter>
    </ClInclude>
    <ClInclude Include="..\include\graph\Atomic_adjacency_list.hpp">
      <Filter>Header Files</Filter>
    </ClInclude>
    <ClInclude Include="..\include\graph\Edge_list.hpp">
      <Filter>Header Files</Filter>
    </ClInclude>
    <ClInclude Include="..\include\graph\Graph.hpp">
      <Filter>Header Files</Filter>
    </ClInclude>
    <ClInclude Include="..\include\graph\Stable_adjacency_list.hpp">
      <Filter>Header Files</Filter>
    </ClInclude>
    <ClInclude Include="..\include\graph\Stable_edge_list.hpp">
      <Filter>Header Files</Filter>
    </ClInclude>
    <ClInclude Include="..\include\graph\Path.hpp">
      <Filter>Header Files</Filter>
    </ClInclude>
    <ClInclude Include="..\test\Graph_tester.hpp">
      <Filter>Source Files</Filter>
    </ClInclude>
  </ItemGroup>
  <ItemGroup>
    <None Include="..\include\graph\dijkstra.inl">
      <Filter>Header Files</Filter>
    </None>
    <None Include="..\include\graph\format.inl">
      <Filter>Header Files</Filter>
    </None>
    <None Include="..\include\graph\random.inl">
      <Filter>Header Files</Filter>
    </None>
    <None Include="..\include\graph\reverse.inl">
      <Filter>Header Files</Filter>
    </None>
    <None Include="..\include\graph\scc.inl">
      <Filter>Header Files</Filter>
    </None>
    <None Include="..\include\graph\subforest.inl">
      <Filter>Header Files</Filter>
    </None>
    <None Include="..\include\graph\bidirectional_search.inl">
      <Filter>Header Files</Filter>
    </None>
  </ItemGroup>
</Project>